
Microsoft Visual Studio Solution File, Format Version 12.00
# Visual Studio Version 17
VisualStudioVersion = 17.13.35931.197 d17.13
MinimumVisualStudioVersion = 10.0.40219.1
Project("{FAE04EC0-301F-11D3-BF4B-00C04F79EFBC}") = "mini - project - 27-5-25", "mini - project - 27-5-25.csproj", "{2AB9D7D4-702E-49A1-B8DC-AEB649AD8435}"
EndProject
Global
	GlobalSection(SolutionConfigurationPlatforms) = preSolution
		Debug|Any CPU = Debug|Any CPU
		Release|Any CPU = Release|Any CPU
	EndGlobalSection
	GlobalSection(ProjectConfigurationPlatforms) = postSolution
		{2AB9D7D4-702E-49A1-B8DC-AEB649AD8435}.Debug|Any CPU.ActiveCfg = Debug|Any CPU
		{2AB9D7D4-702E-49A1-B8DC-AEB649AD8435}.Debug|Any CPU.Build.0 = Debug|Any CPU
		{2AB9D7D4-702E-49A1-B8DC-AEB649AD8435}.Release|Any CPU.ActiveCfg = Release|Any CPU
		{2AB9D7D4-702E-49A1-B8DC-AEB649AD8435}.Release|Any CPU.Build.0 = Release|Any CPU
	EndGlobalSection
	GlobalSection(SolutionProperties) = preSolution
		HideSolutionNode = FALSE
	EndGlobalSection
	GlobalSection(ExtensibilityGlobals) = postSolution
		SolutionGuid = {0EE2AE12-73B4-408F-84CF-C97574990D69}
	EndGlobalSection
EndGlobal
